
Microsoft Visual Studio Solution File, Format Version 12.00
# Visual Studio Version 16
VisualStudioVersion = 16.0.32002.261
MinimumVisualStudioVersion = 10.0.40219.1
Project("{9A19103F-16F7-4668-BE54-9A1E7A4F7556}") = "XtramileWeather", "XtramileWeather.csproj", "{6B74D72D-D5A8-4E8B-8A5C-5917ACAA3E9B}"
EndProject
Project("{FAE04EC0-301F-11D3-BF4B-00C04F79EFBC}") = "XtramileWeather.Tests", "..\XtramileWeather.Tests\XtramileWeather.Tests.csproj", "{C54E6F0F-C7D5-4656-B0BD-1905E7909625}"
EndProject
Global
	GlobalSection(SolutionConfigurationPlatforms) = preSolution
		Debug|Any CPU = Debug|Any CPU
		Release|Any CPU = Release|Any CPU
	EndGlobalSection
	GlobalSection(ProjectConfigurationPlatforms) = postSolution
		{6B74D72D-D5A8-4E8B-8A5C-5917ACAA3E9B}.Debug|Any CPU.ActiveCfg = Debug|Any CPU
		{6B74D72D-D5A8-4E8B-8A5C-5917ACAA3E9B}.Debug|Any CPU.Build.0 = Debug|Any CPU
		{6B74D72D-D5A8-4E8B-8A5C-5917ACAA3E9B}.Release|Any CPU.ActiveCfg = Release|Any CPU
		{6B74D72D-D5A8-4E8B-8A5C-5917ACAA3E9B}.Release|Any CPU.Build.0 = Release|Any CPU
		{C54E6F0F-C7D5-4656-B0BD-1905E7909625}.Debug|Any CPU.ActiveCfg = Debug|Any CPU
		{C54E6F0F-C7D5-4656-B0BD-1905E7909625}.Debug|Any CPU.Build.0 = Debug|Any CPU
		{C54E6F0F-C7D5-4656-B0BD-1905E7909625}.Release|Any CPU.ActiveCfg = Release|Any CPU
		{C54E6F0F-C7D5-4656-B0BD-1905E7909625}.Release|Any CPU.Build.0 = Release|Any CPU
	EndGlobalSection
	GlobalSection(SolutionProperties) = preSolution
		HideSolutionNode = FALSE
	EndGlobalSection
	GlobalSection(ExtensibilityGlobals) = postSolution
		SolutionGuid = {7D20066B-6FBA-47E6-9099-56C7AFFFEA6E}
	EndGlobalSection
EndGlobal
